
Microsoft Visual Studio Solution File, Format Version 12.00
# Visual Studio Version 17
VisualStudioVersion = 17.4.33205.214
MinimumVisualStudioVersion = 10.0.40219.1
Project("{9A19103F-16F7-4668-BE54-9A1E7A4F7556}") = "HoloHouse.Common", "HoloHouse.Common\HoloHouse.Common.csproj", "{97D2EDBF-7815-4B36-8E45-631B527301E3}"
EndProject
Project("{9A19103F-16F7-4668-BE54-9A1E7A4F7556}") = "HoloHouse.Web", "HoloHouse.Web\HoloHouse.Web.csproj", "{8388C64C-1894-4D66-B0C6-8645C7744032}"
EndProject
Project("{9A19103F-16F7-4668-BE54-9A1E7A4F7556}") = "Holohouse.Prism", "Holohouse.Prism\Holohouse.Prism\Holohouse.Prism.csproj", "{26BDACDA-BB3A-4F5E-950A-D7D15C0C48AD}"
EndProject
Project("{FAE04EC0-301F-11D3-BF4B-00C04F79EFBC}") = "Holohouse.Prism.Android", "Holohouse.Prism\Holohouse.Prism.Android\Holohouse.Prism.Android.csproj", "{BD7B19F4-4060-4F0A-886E-F5F78D57255C}"
EndProject
Project("{FAE04EC0-301F-11D3-BF4B-00C04F79EFBC}") = "Holohouse.Prism.iOS", "Holohouse.Prism\Holohouse.Prism.iOS\Holohouse.Prism.iOS.csproj", "{F33028EC-463C-4C5C-A676-D57D0B3E497F}"
EndProject
Global
	GlobalSection(SolutionConfigurationPlatforms) = preSolution
		Ad-Hoc|Any CPU = Ad-Hoc|Any CPU
		Ad-Hoc|ARM = Ad-Hoc|ARM
		Ad-Hoc|iPhone = Ad-Hoc|iPhone
		Ad-Hoc|iPhoneSimulator = Ad-Hoc|iPhoneSimulator
		Ad-Hoc|x64 = Ad-Hoc|x64
		Ad-Hoc|x86 = Ad-Hoc|x86
		AppStore|Any CPU = AppStore|Any CPU
		AppStore|ARM = AppStore|ARM
		AppStore|iPhone = AppStore|iPhone
		AppStore|iPhoneSimulator = AppStore|iPhoneSimulator
		AppStore|x64 = AppStore|x64
		AppStore|x86 = AppStore|x86
		Debug|Any CPU = Debug|Any CPU
		Debug|ARM = Debug|ARM
		Debug|iPhone = Debug|iPhone
		Debug|iPhoneSimulator = Debug|iPhoneSimulator
		Debug|x64 = Debug|x64
		Debug|x86 = Debug|x86
		Release|Any CPU = Release|Any CPU
		Release|ARM = Release|ARM
		Release|iPhone = Release|iPhone
		Release|iPhoneSimulator = Release|iPhoneSimulator
		Release|x64 = Release|x64
		Release|x86 = Release|x86
	EndGlobalSection
	GlobalSection(ProjectConfigurationPlatforms) = postSolution
		{97D2EDBF-7815-4B36-8E45-631B527301E3}.Ad-Hoc|Any CPU.ActiveCfg = Release|Any CPU
		{97D2EDBF-7815-4B36-8E45-631B527301E3}.Ad-Hoc|Any CPU.Build.0 = Release|Any CPU
		{97D2EDBF-7815-4B36-8E45-631B527301E3}.Ad-Hoc|ARM.ActiveCfg = Release|Any CPU
		{97D2EDBF-7815-4B36-8E45-631B527301E3}.Ad-Hoc|ARM.Build.0 = Release|Any CPU
		{97D2EDBF-7815-4B36-8E45-631B527301E3}.Ad-Hoc|iPhone.ActiveCfg = Release|Any CPU
		{97D2EDBF-7815-4B36-8E45-631B527301E3}.Ad-Hoc|iPhone.Build.0 = Release|Any CPU
		{97D2EDBF-7815-4B36-8E45-631B527301E3}.Ad-Hoc|iPhoneSimulator.ActiveCfg = Release|Any CPU
		{97D2EDBF-7815-4B36-8E45-631B527301E3}.Ad-Hoc|iPhoneSimulator.Build.0 = Release|Any CPU
		{97D2EDBF-7815-4B36-8E45-631B527301E3}.Ad-Hoc|x64.ActiveCfg = Release|Any CPU
		{97D2EDBF-7815-4B36-8E45-631B527301E3}.Ad-Hoc|x64.Build.0 = Release|Any CPU
		{97D2EDBF-7815-4B36-8E45-631B527301E3}.Ad-Hoc|x86.ActiveCfg = Release|Any CPU
		{97D2EDBF-7815-4B36-8E45-631B527301E3}.Ad-Hoc|x86.Build.0 = Release|Any CPU
		{97D2EDBF-7815-4B36-8E45-631B527301E3}.AppStore|Any CPU.ActiveCfg = Release|Any CPU
		{97D2EDBF-7815-4B36-8E45-631B527301E3}.AppStore|Any CPU.Build.0 = Release|Any CPU
		{97D2EDBF-7815-4B36-8E45-631B527301E3}.AppStore|ARM.ActiveCfg = Release|Any CPU
		{97D2EDBF-7815-4B36-8E45-631B527301E3}.AppStore|ARM.Build.0 = Release|Any CPU
		{97D2EDBF-7815-4B36-8E45-631B527301E3}.AppStore|iPhone.ActiveCfg = Release|Any CPU
		{97D2EDBF-7815-4B36-8E45-631B527301E3}.AppStore|iPhone.Build.0 = Release|Any CPU
		{97D2EDBF-7815-4B36-8E45-631B527301E3}.AppStore|iPhoneSimulator.ActiveCfg = Release|Any CPU
		{97D2EDBF-7815-4B36-8E45-631B527301E3}.AppStore|iPhoneSimulator.Build.0 = Release|Any CPU
		{97D2EDBF-7815-4B36-8E45-631B527301E3}.AppStore|x64.ActiveCfg = Release|Any CPU
		{97D2EDBF-7815-4B36-8E45-631B527301E3}.AppStore|x64.Build.0 = Release|Any CPU
		{97D2EDBF-7815-4B36-8E45-631B527301E3}.AppStore|x86.ActiveCfg = Release|Any CPU
		{97D2EDBF-7815-4B36-8E45-631B527301E3}.AppStore|x86.Build.0 = Release|Any CPU
		{97D2EDBF-7815-4B36-8E45-631B527301E3}.Debug|Any CPU.ActiveCfg = Debug|Any CPU
		{97D2EDBF-7815-4B36-8E45-631B527301E3}.Debug|Any CPU.Build.0 = Debug|Any CPU
		{97D2EDBF-7815-4B36-8E45-631B527301E3}.Debug|ARM.ActiveCfg = Debug|Any CPU
		{97D2EDBF-7815-4B36-8E45-631B527301E3}.Debug|ARM.Build.0 = Debug|Any CPU
		{97D2EDBF-7815-4B36-8E45-631B527301E3}.Debug|iPhone.ActiveCfg = Debug|Any CPU
		{97D2EDBF-7815-4B36-8E45-631B527301E3}.Debug|iPhone.Build.0 = Debug|Any CPU
		{97D2EDBF-7815-4B36-8E45-631B527301E3}.Debug|iPhoneSimulator.ActiveCfg = Debug|Any CPU
		{97D2EDBF-7815-4B36-8E45-631B527301E3}.Debug|iPhoneSimulator.Build.0 = Debug|Any CPU
		{97D2EDBF-7815-4B36-8E45-631B527301E3}.Debug|x64.ActiveCfg = Debug|Any CPU
		{97D2EDBF-7815-4B36-8E45-631B527301E3}.Debug|x64.Build.0 = Debug|Any CPU
		{97D2EDBF-7815-4B36-8E45-631B527301E3}.Debug|x86.ActiveCfg = Debug|Any CPU
		{97D2EDBF-7815-4B36-8E45-631B527301E3}.Debug|x86.Build.0 = Debug|Any CPU
		{97D2EDBF-7815-4B36-8E45-631B527301E3}.Release|Any CPU.ActiveCfg = Release|Any CPU
		{97D2EDBF-7815-4B36-8E45-631B527301E3}.Release|Any CPU.Build.0 = Release|Any CPU
		{97D2EDBF-7815-4B36-8E45-631B527301E3}.Release|ARM.ActiveCfg = Release|Any CPU
		{97D2EDBF-7815-4B36-8E45-631B527301E3}.Release|ARM.Build.0 = Release|Any CPU
		{97D2EDBF-7815-4B36-8E45-631B527301E3}.Release|iPhone.ActiveCfg = Release|Any CPU
		{97D2EDBF-7815-4B36-8E45-631B527301E3}.Release|iPhone.Build.0 = Release|Any CPU
		{97D2EDBF-7815-4B36-8E45-631B527301E3}.Release|iPhoneSimulator.ActiveCfg = Release|Any CPU
		{97D2EDBF-7815-4B36-8E45-631B527301E3}.Release|iPhoneSimulator.Build.0 = Release|Any CPU
		{97D2EDBF-7815-4B36-8E45-631B527301E3}.Release|x64.ActiveCfg = Release|Any CPU
		{97D2EDBF-7815-4B36-8E45-631B527301E3}.Release|x64.Build.0 = Release|Any CPU
		{97D2EDBF-7815-4B36-8E45-631B527301E3}.Release|x86.ActiveCfg = Release|Any CPU
		{97D2EDBF-7815-4B36-8E45-631B527301E3}.Release|x86.Build.0 = Release|Any CPU
		{8388C64C-1894-4D66-B0C6-8645C7744032}.Ad-Hoc|Any CPU.ActiveCfg = Release|Any CPU
		{8388C64C-1894-4D66-B0C6-8645C7744032}.Ad-Hoc|Any CPU.Build.0 = Release|Any CPU
		{8388C64C-1894-4D66-B0C6-8645C7744032}.Ad-Hoc|ARM.ActiveCfg = Release|Any CPU
		{8388C64C-1894-4D66-B0C6-8645C7744032}.Ad-Hoc|ARM.Build.0 = Release|Any CPU
		{8388C64C-1894-4D66-B0C6-8645C7744032}.Ad-Hoc|iPhone.ActiveCfg = Release|Any CPU
		{8388C64C-1894-4D66-B0C6-8645C7744032}.Ad-Hoc|iPhone.Build.0 = Release|Any CPU
		{8388C64C-1894-4D66-B0C6-8645C7744032}.Ad-Hoc|iPhoneSimulator.ActiveCfg = Release|Any CPU
		{8388C64C-1894-4D66-B0C6-8645C7744032}.Ad-Hoc|iPhoneSimulator.Build.0 = Release|Any CPU
		{8388C64C-1894-4D66-B0C6-8645C7744032}.Ad-Hoc|x64.ActiveCfg = Release|Any CPU
		{8388C64C-1894-4D66-B0C6-8645C7744032}.Ad-Hoc|x64.Build.0 = Release|Any CPU
		{8388C64C-1894-4D66-B0C6-8645C7744032}.Ad-Hoc|x86.ActiveCfg = Release|Any CPU
		{8388C64C-1894-4D66-B0C6-8645C7744032}.Ad-Hoc|x86.Build.0 = Release|Any CPU
		{8388C64C-1894-4D66-B0C6-8645C7744032}.AppStore|Any CPU.ActiveCfg = Release|Any CPU
		{8388C64C-1894-4D66-B0C6-8645C7744032}.AppStore|Any CPU.Build.0 = Release|Any CPU
		{8388C64C-1894-4D66-B0C6-8645C7744032}.AppStore|ARM.ActiveCfg = Release|Any CPU
		{8388C64C-1894-4D66-B0C6-8645C7744032}.AppStore|ARM.Build.0 = Release|Any CPU
		{8388C64C-1894-4D66-B0C6-8645C7744032}.AppStore|iPhone.ActiveCfg = Release|Any CPU
		{8388C64C-1894-4D66-B0C6-8645C7744032}.AppStore|iPhone.Build.0 = Release|Any CPU
		{8388C64C-1894-4D66-B0C6-8645C7744032}.AppStore|iPhoneSimulator.ActiveCfg = Release|Any CPU
		{8388C64C-1894-4D66-B0C6-8645C7744032}.AppStore|iPhoneSimulator.Build.0 = Release|Any CPU
		{8388C64C-1894-4D66-B0C6-8645C7744032}.AppStore|x64.ActiveCfg = Release|Any CPU
		{8388C64C-1894-4D66-B0C6-8645C7744032}.AppStore|x64.Build.0 = Release|Any CPU
		{8388C64C-1894-4D66-B0C6-8645C7744032}.AppStore|x86.ActiveCfg = Release|Any CPU
		{8388C64C-1894-4D66-B0C6-8645C7744032}.AppStore|x86.Build.0 = Release|Any CPU
		{8388C64C-1894-4D66-B0C6-8645C7744032}.Debug|Any CPU.ActiveCfg = Debug|Any CPU
		{8388C64C-1894-4D66-B0C6-8645C7744032}.Debug|Any CPU.Build.0 = Debug|Any CPU
		{8388C64C-1894-4D66-B0C6-8645C7744032}.Debug|ARM.ActiveCfg = Debug|Any CPU
		{8388C64C-1894-4D66-B0C6-8645C7744032}.Debug|ARM.Build.0 = Debug|Any CPU
		{8388C64C-1894-4D66-B0C6-8645C7744032}.Debug|iPhone.ActiveCfg = Debug|Any CPU
		{8388C64C-1894-4D66-B0C6-8645C7744032}.Debug|iPhone.Build.0 = Debug|Any CPU
		{8388C64C-1894-4D66-B0C6-8645C7744032}.Debug|iPhoneSimulator.ActiveCfg = Debug|Any CPU
		{8388C64C-1894-4D66-B0C6-8645C7744032}.Debug|iPhoneSimulator.Build.0 = Debug|Any CPU
		{8388C64C-1894-4D66-B0C6-8645C7744032}.Debug|x64.ActiveCfg = Debug|Any CPU
		{8388C64C-1894-4D66-B0C6-8645C7744032}.Debug|x64.Build.0 = Debug|Any CPU
		{8388C64C-1894-4D66-B0C6-8645C7744032}.Debug|x86.ActiveCfg = Debug|Any CPU
		{8388C64C-1894-4D66-B0C6-8645C7744032}.Debug|x86.Build.0 = Debug|Any CPU
		{8388C64C-1894-4D66-B0C6-8645C7744032}.Release|Any CPU.ActiveCfg = Release|Any CPU
		{8388C64C-1894-4D66-B0C6-8645C7744032}.Release|Any CPU.Build.0 = Release|Any CPU
		{8388C64C-1894-4D66-B0C6-8645C7744032}.Release|ARM.ActiveCfg = Release|Any CPU
		{8388C64C-1894-4D66-B0C6-8645C7744032}.Release|ARM.Build.0 = Release|Any CPU
		{8388C64C-1894-4D66-B0C6-8645C7744032}.Release|iPhone.ActiveCfg = Release|Any CPU
		{8388C64C-1894-4D66-B0C6-8645C7744032}.Release|iPhone.Build.0 = Release|Any CPU
		{8388C64C-1894-4D66-B0C6-8645C7744032}.Release|iPhoneSimulator.ActiveCfg = Release|Any CPU
		{8388C64C-1894-4D66-B0C6-8645C7744032}.Release|iPhoneSimulator.Build.0 = Release|Any CPU
		{8388C64C-1894-4D66-B0C6-8645C7744032}.Release|x64.ActiveCfg = Release|Any CPU
		{8388C64C-1894-4D66-B0C6-8645C7744032}.Release|x64.Build.0 = Release|Any CPU
		{8388C64C-1894-4D66-B0C6-8645C7744032}.Release|x86.ActiveCfg = Release|Any CPU
		{8388C64C-1894-4D66-B0C6-8645C7744032}.Release|x86.Build.0 = Release|Any CPU
		{26BDACDA-BB3A-4F5E-950A-D7D15C0C48AD}.Ad-Hoc|Any CPU.ActiveCfg = Debug|Any CPU
		{26BDACDA-BB3A-4F5E-950A-D7D15C0C48AD}.Ad-Hoc|Any CPU.Build.0 = Debug|Any CPU
		{26BDACDA-BB3A-4F5E-950A-D7D15C0C48AD}.Ad-Hoc|ARM.ActiveCfg = Debug|Any CPU
		{26BDACDA-BB3A-4F5E-950A-D7D15C0C48AD}.Ad-Hoc|ARM.Build.0 = Debug|Any CPU
		{26BDACDA-BB3A-4F5E-950A-D7D15C0C48AD}.Ad-Hoc|iPhone.ActiveCfg = Debug|Any CPU
		{26BDACDA-BB3A-4F5E-950A-D7D15C0C48AD}.Ad-Hoc|iPhone.Build.0 = Debug|Any CPU
		{26BDACDA-BB3A-4F5E-950A-D7D15C0C48AD}.Ad-Hoc|iPhoneSimulator.ActiveCfg = Debug|Any CPU
		{26BDACDA-BB3A-4F5E-950A-D7D15C0C48AD}.Ad-Hoc|iPhoneSimulator.Build.0 = Debug|Any CPU
		{26BDACDA-BB3A-4F5E-950A-D7D15C0C48AD}.Ad-Hoc|x64.ActiveCfg = Debug|Any CPU
		{26BDACDA-BB3A-4F5E-950A-D7D15C0C48AD}.Ad-Hoc|x64.Build.0 = Debug|Any CPU
		{26BDACDA-BB3A-4F5E-950A-D7D15C0C48AD}.Ad-Hoc|x86.ActiveCfg = Debug|Any CPU
		{26BDACDA-BB3A-4F5E-950A-D7D15C0C48AD}.Ad-Hoc|x86.Build.0 = Debug|Any CPU
		{26BDACDA-BB3A-4F5E-950A-D7D15C0C48AD}.AppStore|Any CPU.ActiveCfg = Debug|Any CPU
		{26BDACDA-BB3A-4F5E-950A-D7D15C0C48AD}.AppStore|Any CPU.Build.0 = Debug|Any CPU
		{26BDACDA-BB3A-4F5E-950A-D7D15C0C48AD}.AppStore|ARM.ActiveCfg = Debug|Any CPU
		{26BDACDA-BB3A-4F5E-950A-D7D15C0C48AD}.AppStore|ARM.Build.0 = Debug|Any CPU
		{26BDACDA-BB3A-4F5E-950A-D7D15C0C48AD}.AppStore|iPhone.ActiveCfg = Debug|Any CPU
		{26BDACDA-BB3A-4F5E-950A-D7D15C0C48AD}.AppStore|iPhone.Build.0 = Debug|Any CPU
		{26BDACDA-BB3A-4F5E-950A-D7D15C0C48AD}.AppStore|iPhoneSimulator.ActiveCfg = Debug|Any CPU
		{26BDACDA-BB3A-4F5E-950A-D7D15C0C48AD}.AppStore|iPhoneSimulator.Build.0 = Debug|Any CPU
		{26BDACDA-BB3A-4F5E-950A-D7D15C0C48AD}.AppStore|x64.ActiveCfg = Debug|Any CPU
		{26BDACDA-BB3A-4F5E-950A-D7D15C0C48AD}.AppStore|x64.Build.0 = Debug|Any CPU
		{26BDACDA-BB3A-4F5E-950A-D7D15C0C48AD}.AppStore|x86.ActiveCfg = Debug|Any CPU
		{26BDACDA-BB3A-4F5E-950A-D7D15C0C48AD}.AppStore|x86.Build.0 = Debug|Any CPU
		{26BDACDA-BB3A-4F5E-950A-D7D15C0C48AD}.Debug|Any CPU.ActiveCfg = Debug|Any CPU
		{26BDACDA-BB3A-4F5E-950A-D7D15C0C48AD}.Debug|Any CPU.Build.0 = Debug|Any CPU
		{26BDACDA-BB3A-4F5E-950A-D7D15C0C48AD}.Debug|ARM.ActiveCfg = Debug|Any CPU
		{26BDACDA-BB3A-4F5E-950A-D7D15C0C48AD}.Debug|ARM.Build.0 = Debug|Any CPU
		{26BDACDA-BB3A-4F5E-950A-D7D15C0C48AD}.Debug|iPhone.ActiveCfg = Debug|Any CPU
		{26BDACDA-BB3A-4F5E-950A-D7D15C0C48AD}.Debug|iPhone.Build.0 = Debug|Any CPU
		{26BDACDA-BB3A-4F5E-950A-D7D15C0C48AD}.Debug|iPhoneSimulator.ActiveCfg = Debug|Any CPU
		{26BDACDA-BB3A-4F5E-950A-D7D15C0C48AD}.Debug|iPhoneSimulator.Build.0 = Debug|Any CPU
		{26BDACDA-BB3A-4F5E-950A-D7D15C0C48AD}.Debug|x64.ActiveCfg = Debug|Any CPU
		{26BDACDA-BB3A-4F5E-950A-D7D15C0C48AD}.Debug|x64.Build.0 = Debug|Any CPU
		{26BDACDA-BB3A-4F5E-950A-D7D15C0C48AD}.Debug|x86.ActiveCfg = Debug|Any CPU
		{26BDACDA-BB3A-4F5E-950A-D7D15C0C48AD}.Debug|x86.Build.0 = Debug|Any CPU
		{26BDACDA-BB3A-4F5E-950A-D7D15C0C48AD}.Release|Any CPU.ActiveCfg = Release|Any CPU
		{26BDACDA-BB3A-4F5E-950A-D7D15C0C48AD}.Release|Any CPU.Build.0 = Release|Any CPU
		{26BDACDA-BB3A-4F5E-950A-D7D15C0C48AD}.Release|ARM.ActiveCfg = Release|Any CPU
		{26BDACDA-BB3A-4F5E-950A-D7D15C0C48AD}.Release|ARM.Build.0 = Release|Any CPU
		{26BDACDA-BB3A-4F5E-950A-D7D15C0C48AD}.Release|iPhone.ActiveCfg = Release|Any CPU
		{26BDACDA-BB3A-4F5E-950A-D7D15C0C48AD}.Release|iPhone.Build.0 = Release|Any CPU
		{26BDACDA-BB3A-4F5E-950A-D7D15C0C48AD}.Release|iPhoneSimulator.ActiveCfg = Release|Any CPU
		{26BDACDA-BB3A-4F5E-950A-D7D15C0C48AD}.Release|iPhoneSimulator.Build.0 = Release|Any CPU
		{26BDACDA-BB3A-4F5E-950A-D7D15C0C48AD}.Release|x64.ActiveCfg = Release|Any CPU
		{26BDACDA-BB3A-4F5E-950A-D7D15C0C48AD}.Release|x64.Build.0 = Release|Any CPU
		{26BDACDA-BB3A-4F5E-950A-D7D15C0C48AD}.Release|x86.ActiveCfg = Release|Any CPU
		{26BDACDA-BB3A-4F5E-950A-D7D15C0C48AD}.Release|x86.Build.0 = Release|Any CPU
		{BD7B19F4-4060-4F0A-886E-F5F78D57255C}.Ad-Hoc|Any CPU.ActiveCfg = Debug|Any CPU
		{BD7B19F4-4060-4F0A-886E-F5F78D57255C}.Ad-Hoc|Any CPU.Build.0 = Debug|Any CPU
		{BD7B19F4-4060-4F0A-886E-F5F78D57255C}.Ad-Hoc|Any CPU.Deploy.0 = Debug|Any CPU
		{BD7B19F4-4060-4F0A-886E-F5F78D57255C}.Ad-Hoc|ARM.ActiveCfg = Debug|Any CPU
		{BD7B19F4-4060-4F0A-886E-F5F78D57255C}.Ad-Hoc|ARM.Build.0 = Debug|Any CPU
		{BD7B19F4-4060-4F0A-886E-F5F78D57255C}.Ad-Hoc|ARM.Deploy.0 = Debug|Any CPU
		{BD7B19F4-4060-4F0A-886E-F5F78D57255C}.Ad-Hoc|iPhone.ActiveCfg = Debug|Any CPU
		{BD7B19F4-4060-4F0A-886E-F5F78D57255C}.Ad-Hoc|iPhone.Build.0 = Debug|Any CPU
		{BD7B19F4-4060-4F0A-886E-F5F78D57255C}.Ad-Hoc|iPhone.Deploy.0 = Debug|Any CPU
		{BD7B19F4-4060-4F0A-886E-F5F78D57255C}.Ad-Hoc|iPhoneSimulator.ActiveCfg = Debug|Any CPU
		{BD7B19F4-4060-4F0A-886E-F5F78D57255C}.Ad-Hoc|iPhoneSimulator.Build.0 = Debug|Any CPU
		{BD7B19F4-4060-4F0A-886E-F5F78D57255C}.Ad-Hoc|iPhoneSimulator.Deploy.0 = Debug|Any CPU
		{BD7B19F4-4060-4F0A-886E-F5F78D57255C}.Ad-Hoc|x64.ActiveCfg = Debug|Any CPU
		{BD7B19F4-4060-4F0A-886E-F5F78D57255C}.Ad-Hoc|x64.Build.0 = Debug|Any CPU
		{BD7B19F4-4060-4F0A-886E-F5F78D57255C}.Ad-Hoc|x64.Deploy.0 = Debug|Any CPU
		{BD7B19F4-4060-4F0A-886E-F5F78D57255C}.Ad-Hoc|x86.ActiveCfg = Debug|Any CPU
		{BD7B19F4-4060-4F0A-886E-F5F78D57255C}.Ad-Hoc|x86.Build.0 = Debug|Any CPU
		{BD7B19F4-4060-4F0A-886E-F5F78D57255C}.Ad-Hoc|x86.Deploy.0 = Debug|Any CPU
		{BD7B19F4-4060-4F0A-886E-F5F78D57255C}.AppStore|Any CPU.ActiveCfg = Debug|Any CPU
		{BD7B19F4-4060-4F0A-886E-F5F78D57255C}.AppStore|Any CPU.Build.0 = Debug|Any CPU
		{BD7B19F4-4060-4F0A-886E-F5F78D57255C}.AppStore|Any CPU.Deploy.0 = Debug|Any CPU
		{BD7B19F4-4060-4F0A-886E-F5F78D57255C}.AppStore|ARM.ActiveCfg = Debug|Any CPU
		{BD7B19F4-4060-4F0A-886E-F5F78D57255C}.AppStore|ARM.Build.0 = Debug|Any CPU
		{BD7B19F4-4060-4F0A-886E-F5F78D57255C}.AppStore|ARM.Deploy.0 = Debug|Any CPU
		{BD7B19F4-4060-4F0A-886E-F5F78D57255C}.AppStore|iPhone.ActiveCfg = Debug|Any CPU
		{BD7B19F4-4060-4F0A-886E-F5F78D57255C}.AppStore|iPhone.Build.0 = Debug|Any CPU
		{BD7B19F4-4060-4F0A-886E-F5F78D57255C}.AppStore|iPhone.Deploy.0 = Debug|Any CPU
		{BD7B19F4-4060-4F0A-886E-F5F78D57255C}.AppStore|iPhoneSimulator.ActiveCfg = Debug|Any CPU
		{BD7B19F4-4060-4F0A-886E-F5F78D57255C}.AppStore|iPhoneSimulator.Build.0 = Debug|Any CPU
		{BD7B19F4-4060-4F0A-886E-F5F78D57255C}.AppStore|iPhoneSimulator.Deploy.0 = Debug|Any CPU
		{BD7B19F4-4060-4F0A-886E-F5F78D57255C}.AppStore|x64.ActiveCfg = Debug|Any CPU
		{BD7B19F4-4060-4F0A-886E-F5F78D57255C}.AppStore|x64.Build.0 = Debug|Any CPU
		{BD7B19F4-4060-4F0A-886E-F5F78D57255C}.AppStore|x64.Deploy.0 = Debug|Any CPU
		{BD7B19F4-4060-4F0A-886E-F5F78D57255C}.AppStore|x86.ActiveCfg = Debug|Any CPU
		{BD7B19F4-4060-4F0A-886E-F5F78D57255C}.AppStore|x86.Build.0 = Debug|Any CPU
		{BD7B19F4-4060-4F0A-886E-F5F78D57255C}.AppStore|x86.Deploy.0 = Debug|Any CPU
		{BD7B19F4-4060-4F0A-886E-F5F78D57255C}.Debug|Any CPU.ActiveCfg = Debug|Any CPU
		{BD7B19F4-4060-4F0A-886E-F5F78D57255C}.Debug|Any CPU.Build.0 = Debug|Any CPU
		{BD7B19F4-4060-4F0A-886E-F5F78D57255C}.Debug|Any CPU.Deploy.0 = Debug|Any CPU
		{BD7B19F4-4060-4F0A-886E-F5F78D57255C}.Debug|ARM.ActiveCfg = Debug|Any CPU
		{BD7B19F4-4060-4F0A-886E-F5F78D57255C}.Debug|ARM.Build.0 = Debug|Any CPU
		{BD7B19F4-4060-4F0A-886E-F5F78D57255C}.Debug|ARM.Deploy.0 = Debug|Any CPU
		{BD7B19F4-4060-4F0A-886E-F5F78D57255C}.Debug|iPhone.ActiveCfg = Debug|Any CPU
		{BD7B19F4-4060-4F0A-886E-F5F78D57255C}.Debug|iPhone.Build.0 = Debug|Any CPU
		{BD7B19F4-4060-4F0A-886E-F5F78D57255C}.Debug|iPhone.Deploy.0 = Debug|Any CPU
		{BD7B19F4-4060-4F0A-886E-F5F78D57255C}.Debug|iPhoneSimulator.ActiveCfg = Debug|Any CPU
		{BD7B19F4-4060-4F0A-886E-F5F78D57255C}.Debug|iPhoneSimulator.Build.0 = Debug|Any CPU
		{BD7B19F4-4060-4F0A-886E-F5F78D57255C}.Debug|iPhoneSimulator.Deploy.0 = Debug|Any CPU
		{BD7B19F4-4060-4F0A-886E-F5F78D57255C}.Debug|x64.ActiveCfg = Debug|Any CPU
		{BD7B19F4-4060-4F0A-886E-F5F78D57255C}.Debug|x64.Build.0 = Debug|Any CPU
		{BD7B19F4-4060-4F0A-886E-F5F78D57255C}.Debug|x64.Deploy.0 = Debug|Any CPU
		{BD7B19F4-4060-4F0A-886E-F5F78D57255C}.Debug|x86.ActiveCfg = Debug|Any CPU
		{BD7B19F4-4060-4F0A-886E-F5F78D57255C}.Debug|x86.Build.0 = Debug|Any CPU
		{BD7B19F4-4060-4F0A-886E-F5F78D57255C}.Debug|x86.Deploy.0 = Debug|Any CPU
		{BD7B19F4-4060-4F0A-886E-F5F78D57255C}.Release|Any CPU.ActiveCfg = Release|Any CPU
		{BD7B19F4-4060-4F0A-886E-F5F78D57255C}.Release|Any CPU.Build.0 = Release|Any CPU
		{BD7B19F4-4060-4F0A-886E-F5F78D57255C}.Release|Any CPU.Deploy.0 = Release|Any CPU
		{BD7B19F4-4060-4F0A-886E-F5F78D57255C}.Release|ARM.ActiveCfg = Release|Any CPU
		{BD7B19F4-4060-4F0A-886E-F5F78D57255C}.Release|ARM.Build.0 = Release|Any CPU
		{BD7B19F4-4060-4F0A-886E-F5F78D57255C}.Release|ARM.Deploy.0 = Release|Any CPU
		{BD7B19F4-4060-4F0A-886E-F5F78D57255C}.Release|iPhone.ActiveCfg = Release|Any CPU
		{BD7B19F4-4060-4F0A-886E-F5F78D57255C}.Release|iPhone.Build.0 = Release|Any CPU
		{BD7B19F4-4060-4F0A-886E-F5F78D57255C}.Release|iPhone.Deploy.0 = Release|Any CPU
		{BD7B19F4-4060-4F0A-886E-F5F78D57255C}.Release|iPhoneSimulator.ActiveCfg = Release|Any CPU
		{BD7B19F4-4060-4F0A-886E-F5F78D57255C}.Release|iPhoneSimulator.Build.0 = Release|Any CPU
		{BD7B19F4-4060-4F0A-886E-F5F78D57255C}.Release|iPhoneSimulator.Deploy.0 = Release|Any CPU
		{BD7B19F4-4060-4F0A-886E-F5F78D57255C}.Release|x64.ActiveCfg = Release|Any CPU
		{BD7B19F4-4060-4F0A-886E-F5F78D57255C}.Release|x64.Build.0 = Release|Any CPU
		{BD7B19F4-4060-4F0A-886E-F5F78D57255C}.Release|x64.Deploy.0 = Release|Any CPU
		{BD7B19F4-4060-4F0A-886E-F5F78D57255C}.Release|x86.ActiveCfg = Release|Any CPU
		{BD7B19F4-4060-4F0A-886E-F5F78D57255C}.Release|x86.Build.0 = Release|Any CPU
		{BD7B19F4-4060-4F0A-886E-F5F78D57255C}.Release|x86.Deploy.0 = Release|Any CPU
		{F33028EC-463C-4C5C-A676-D57D0B3E497F}.Ad-Hoc|Any CPU.ActiveCfg = Ad-Hoc|iPhoneSimulator
		{F33028EC-463C-4C5C-A676-D57D0B3E497F}.Ad-Hoc|Any CPU.Build.0 = Ad-Hoc|iPhoneSimulator
		{F33028EC-463C-4C5C-A676-D57D0B3E497F}.Ad-Hoc|ARM.ActiveCfg = Ad-Hoc|iPhoneSimulator
		{F33028EC-463C-4C5C-A676-D57D0B3E497F}.Ad-Hoc|ARM.Build.0 = Ad-Hoc|iPhoneSimulator
		{F33028EC-463C-4C5C-A676-D57D0B3E497F}.Ad-Hoc|iPhone.ActiveCfg = Ad-Hoc|iPhone
		{F33028EC-463C-4C5C-A676-D57D0B3E497F}.Ad-Hoc|iPhone.Build.0 = Ad-Hoc|iPhone
		{F33028EC-463C-4C5C-A676-D57D0B3E497F}.Ad-Hoc|iPhoneSimulator.ActiveCfg = Ad-Hoc|iPhoneSimulator
		{F33028EC-463C-4C5C-A676-D57D0B3E497F}.Ad-Hoc|iPhoneSimulator.Build.0 = Ad-Hoc|iPhoneSimulator
		{F33028EC-463C-4C5C-A676-D57D0B3E497F}.Ad-Hoc|x64.ActiveCfg = Ad-Hoc|iPhoneSimulator
		{F33028EC-463C-4C5C-A676-D57D0B3E497F}.Ad-Hoc|x64.Build.0 = Ad-Hoc|iPhoneSimulator
		{F33028EC-463C-4C5C-A676-D57D0B3E497F}.Ad-Hoc|x86.ActiveCfg = Ad-Hoc|iPhoneSimulator
		{F33028EC-463C-4C5C-A676-D57D0B3E497F}.Ad-Hoc|x86.Build.0 = Ad-Hoc|iPhoneSimulator
		{F33028EC-463C-4C5C-A676-D57D0B3E497F}.AppStore|Any CPU.ActiveCfg = AppStore|iPhoneSimulator
		{F33028EC-463C-4C5C-A676-D57D0B3E497F}.AppStore|Any CPU.Build.0 = AppStore|iPhoneSimulator
		{F33028EC-463C-4C5C-A676-D57D0B3E497F}.AppStore|ARM.ActiveCfg = AppStore|iPhoneSimulator
		{F33028EC-463C-4C5C-A676-D57D0B3E497F}.AppStore|ARM.Build.0 = AppStore|iPhoneSimulator
		{F33028EC-463C-4C5C-A676-D57D0B3E497F}.AppStore|iPhone.ActiveCfg = AppStore|iPhone
		{F33028EC-463C-4C5C-A676-D57D0B3E497F}.AppStore|iPhone.Build.0 = AppStore|iPhone
		{F33028EC-463C-4C5C-A676-D57D0B3E497F}.AppStore|iPhoneSimulator.ActiveCfg = AppStore|iPhoneSimulator
		{F33028EC-463C-4C5C-A676-D57D0B3E497F}.AppStore|iPhoneSimulator.Build.0 = AppStore|iPhoneSimulator
		{F33028EC-463C-4C5C-A676-D57D0B3E497F}.AppStore|x64.ActiveCfg = AppStore|iPhoneSimulator
		{F33028EC-463C-4C5C-A676-D57D0B3E497F}.AppStore|x64.Build.0 = AppStore|iPhoneSimulator
		{F33028EC-463C-4C5C-A676-D57D0B3E497F}.AppStore|x86.ActiveCfg = AppStore|iPhoneSimulator
		{F33028EC-463C-4C5C-A676-D57D0B3E497F}.AppStore|x86.Build.0 = AppStore|iPhoneSimulator
		{F33028EC-463C-4C5C-A676-D57D0B3E497F}.Debug|Any CPU.ActiveCfg = Debug|iPhoneSimulator
		{F33028EC-463C-4C5C-A676-D57D0B3E497F}.Debug|Any CPU.Build.0 = Debug|iPhoneSimulator
		{F33028EC-463C-4C5C-A676-D57D0B3E497F}.Debug|ARM.ActiveCfg = Debug|iPhoneSimulator
		{F33028EC-463C-4C5C-A676-D57D0B3E497F}.Debug|ARM.Build.0 = Debug|iPhoneSimulator
		{F33028EC-463C-4C5C-A676-D57D0B3E497F}.Debug|iPhone.ActiveCfg = Debug|iPhone
		{F33028EC-463C-4C5C-A676-D57D0B3E497F}.Debug|iPhone.Build.0 = Debug|iPhone
		{F33028EC-463C-4C5C-A676-D57D0B3E497F}.Debug|iPhoneSimulator.ActiveCfg = Debug|iPhoneSimulator
		{F33028EC-463C-4C5C-A676-D57D0B3E497F}.Debug|iPhoneSimulator.Build.0 = Debug|iPhoneSimulator
		{F33028EC-463C-4C5C-A676-D57D0B3E497F}.Debug|x64.ActiveCfg = Debug|iPhoneSimulator
		{F33028EC-463C-4C5C-A676-D57D0B3E497F}.Debug|x64.Build.0 = Debug|iPhoneSimulator
		{F33028EC-463C-4C5C-A676-D57D0B3E497F}.Debug|x86.ActiveCfg = Debug|iPhoneSimulator
		{F33028EC-463C-4C5C-A676-D57D0B3E497F}.Debug|x86.Build.0 = Debug|iPhoneSimulator
		{F33028EC-463C-4C5C-A676-D57D0B3E497F}.Release|Any CPU.ActiveCfg = Release|iPhoneSimulator
		{F33028EC-463C-4C5C-A676-D57D0B3E497F}.Release|Any CPU.Build.0 = Release|iPhoneSimulator
		{F33028EC-463C-4C5C-A676-D57D0B3E497F}.Release|ARM.ActiveCfg = Release|iPhoneSimulator
		{F33028EC-463C-4C5C-A676-D57D0B3E497F}.Release|ARM.Build.0 = Release|iPhoneSimulator
		{F33028EC-463C-4C5C-A676-D57D0B3E497F}.Release|iPhone.ActiveCfg = Release|iPhone
		{F33028EC-463C-4C5C-A676-D57D0B3E497F}.Release|iPhone.Build.0 = Release|iPhone
		{F33028EC-463C-4C5C-A676-D57D0B3E497F}.Release|iPhoneSimulator.ActiveCfg = Release|iPhoneSimulator
		{F33028EC-463C-4C5C-A676-D57D0B3E497F}.Release|iPhoneSimulator.Build.0 = Release|iPhoneSimulator
		{F33028EC-463C-4C5C-A676-D57D0B3E497F}.Release|x64.ActiveCfg = Release|iPhoneSimulator
		{F33028EC-463C-4C5C-A676-D57D0B3E497F}.Release|x64.Build.0 = Release|iPhoneSimulator
		{F33028EC-463C-4C5C-A676-D57D0B3E497F}.Release|x86.ActiveCfg = Release|iPhoneSimulator
		{F33028EC-463C-4C5C-A676-D57D0B3E497F}.Release|x86.Build.0 = Release|iPhoneSimulator
	EndGlobalSection
	GlobalSection(SolutionProperties) = preSolution
		HideSolutionNode = FALSE
	EndGlobalSection
	GlobalSection(ExtensibilityGlobals) = postSolution
		SolutionGuid = {1E4F64EF-770C-4FD2-9D64-20048A0AEA18}
	EndGlobalSection
EndGlobal
