
Microsoft Visual Studio Solution File, Format Version 12.00
# Visual Studio Version 17
VisualStudioVersion = 17.4.33205.214
MinimumVisualStudioVersion = 10.0.40219.1
Project("{9A19103F-16F7-4668-BE54-9A1E7A4F7556}") = "HoloHouse.Common", "HoloHouse.Common\HoloHouse.Common.csproj", "{97D2EDBF-7815-4B36-8E45-631B527301E3}"
EndProject
Project("{9A19103F-16F7-4668-BE54-9A1E7A4F7556}") = "HoloHouse.Web", "HoloHouse.Web\HoloHouse.Web.csproj", "{8388C64C-1894-4D66-B0C6-8645C7744032}"
EndProject
Global
	GlobalSection(SolutionConfigurationPlatforms) = preSolution
		Debug|Any CPU = Debug|Any CPU
		Release|Any CPU = Release|Any CPU
	EndGlobalSection
	GlobalSection(ProjectConfigurationPlatforms) = postSolution
		{97D2EDBF-7815-4B36-8E45-631B527301E3}.Debug|Any CPU.ActiveCfg = Debug|Any CPU
		{97D2EDBF-7815-4B36-8E45-631B527301E3}.Debug|Any CPU.Build.0 = Debug|Any CPU
		{97D2EDBF-7815-4B36-8E45-631B527301E3}.Release|Any CPU.ActiveCfg = Release|Any CPU
		{97D2EDBF-7815-4B36-8E45-631B527301E3}.Release|Any CPU.Build.0 = Release|Any CPU
		{8388C64C-1894-4D66-B0C6-8645C7744032}.Debug|Any CPU.ActiveCfg = Debug|Any CPU
		{8388C64C-1894-4D66-B0C6-8645C7744032}.Debug|Any CPU.Build.0 = Debug|Any CPU
		{8388C64C-1894-4D66-B0C6-8645C7744032}.Release|Any CPU.ActiveCfg = Release|Any CPU
		{8388C64C-1894-4D66-B0C6-8645C7744032}.Release|Any CPU.Build.0 = Release|Any CPU
	EndGlobalSection
	GlobalSection(SolutionProperties) = preSolution
		HideSolutionNode = FALSE
	EndGlobalSection
	GlobalSection(ExtensibilityGlobals) = postSolution
		SolutionGuid = {1E4F64EF-770C-4FD2-9D64-20048A0AEA18}
	EndGlobalSection
EndGlobal
